
Microsoft Visual Studio Solution File, Format Version 12.00
# Visual Studio Version 17
VisualStudioVersion = 17.7.34024.191
MinimumVisualStudioVersion = 10.0.40219.1
Project("{F184B08F-C81C-45F6-A57F-5ABD9991F28F}") = "FrmMenu", "FrmMenu\FrmMenu.vbproj", "{EA53AC5F-5281-4E5B-9897-678DAA23ACFC}"
EndProject
Global
	GlobalSection(SolutionConfigurationPlatforms) = preSolution
		Debug|Any CPU = Debug|Any CPU
		Release|Any CPU = Release|Any CPU
	EndGlobalSection
	GlobalSection(ProjectConfigurationPlatforms) = postSolution
		{EA53AC5F-5281-4E5B-9897-678DAA23ACFC}.Debug|Any CPU.ActiveCfg = Debug|Any CPU
		{EA53AC5F-5281-4E5B-9897-678DAA23ACFC}.Debug|Any CPU.Build.0 = Debug|Any CPU
		{EA53AC5F-5281-4E5B-9897-678DAA23ACFC}.Release|Any CPU.ActiveCfg = Release|Any CPU
		{EA53AC5F-5281-4E5B-9897-678DAA23ACFC}.Release|Any CPU.Build.0 = Release|Any CPU
	EndGlobalSection
	GlobalSection(SolutionProperties) = preSolution
		HideSolutionNode = FALSE
	EndGlobalSection
	GlobalSection(ExtensibilityGlobals) = postSolution
		SolutionGuid = {64FCF3FE-7844-490C-87D2-8395643513DE}
	EndGlobalSection
EndGlobal
