
Microsoft Visual Studio Solution File, Format Version 12.00
# Visual Studio Version 17
VisualStudioVersion = 17.14.36429.23 d17.14
MinimumVisualStudioVersion = 10.0.40219.1
Project("{F184B08F-C81C-45F6-A57F-5ABD9991F28F}") = "Cls04_Procedimientos", "Cls04_Procedimientos.vbproj", "{E4113D77-FF6B-41EB-B266-861F326D1778}"
EndProject
Global
	GlobalSection(SolutionConfigurationPlatforms) = preSolution
		Debug|Any CPU = Debug|Any CPU
		Release|Any CPU = Release|Any CPU
	EndGlobalSection
	GlobalSection(ProjectConfigurationPlatforms) = postSolution
		{E4113D77-FF6B-41EB-B266-861F326D1778}.Debug|Any CPU.ActiveCfg = Debug|Any CPU
		{E4113D77-FF6B-41EB-B266-861F326D1778}.Debug|Any CPU.Build.0 = Debug|Any CPU
		{E4113D77-FF6B-41EB-B266-861F326D1778}.Release|Any CPU.ActiveCfg = Release|Any CPU
		{E4113D77-FF6B-41EB-B266-861F326D1778}.Release|Any CPU.Build.0 = Release|Any CPU
	EndGlobalSection
	GlobalSection(SolutionProperties) = preSolution
		HideSolutionNode = FALSE
	EndGlobalSection
	GlobalSection(ExtensibilityGlobals) = postSolution
		SolutionGuid = {F999A51C-D627-4AA0-8BD8-84B0F78456C0}
	EndGlobalSection
EndGlobal
