
Microsoft Visual Studio Solution File, Format Version 12.00
# Visual Studio Version 17
VisualStudioVersion = 17.14.36429.23 d17.14
MinimumVisualStudioVersion = 10.0.40219.1
Project("{F184B08F-C81C-45F6-A57F-5ABD9991F28F}") = "Clases", "Clases.vbproj", "{5F453F4F-692F-4A24-B1A8-3C7F2A967F88}"
EndProject
Global
	GlobalSection(SolutionConfigurationPlatforms) = preSolution
		Debug|Any CPU = Debug|Any CPU
		Release|Any CPU = Release|Any CPU
	EndGlobalSection
	GlobalSection(ProjectConfigurationPlatforms) = postSolution
		{5F453F4F-692F-4A24-B1A8-3C7F2A967F88}.Debug|Any CPU.ActiveCfg = Debug|Any CPU
		{5F453F4F-692F-4A24-B1A8-3C7F2A967F88}.Debug|Any CPU.Build.0 = Debug|Any CPU
		{5F453F4F-692F-4A24-B1A8-3C7F2A967F88}.Release|Any CPU.ActiveCfg = Release|Any CPU
		{5F453F4F-692F-4A24-B1A8-3C7F2A967F88}.Release|Any CPU.Build.0 = Release|Any CPU
	EndGlobalSection
	GlobalSection(SolutionProperties) = preSolution
		HideSolutionNode = FALSE
	EndGlobalSection
	GlobalSection(ExtensibilityGlobals) = postSolution
		SolutionGuid = {A9B1089B-A339-4F62-A5FD-F1CC38D10282}
	EndGlobalSection
EndGlobal
