
Microsoft Visual Studio Solution File, Format Version 12.00
# Visual Studio Version 17
VisualStudioVersion = 17.14.36429.23 d17.14
MinimumVisualStudioVersion = 10.0.40219.1
Project("{F184B08F-C81C-45F6-A57F-5ABD9991F28F}") = "VariosForms", "VariosForms.vbproj", "{46FFA2D1-1F38-49DE-8835-E6F3B7C97769}"
EndProject
Global
	GlobalSection(SolutionConfigurationPlatforms) = preSolution
		Debug|Any CPU = Debug|Any CPU
		Release|Any CPU = Release|Any CPU
	EndGlobalSection
	GlobalSection(ProjectConfigurationPlatforms) = postSolution
		{46FFA2D1-1F38-49DE-8835-E6F3B7C97769}.Debug|Any CPU.ActiveCfg = Debug|Any CPU
		{46FFA2D1-1F38-49DE-8835-E6F3B7C97769}.Debug|Any CPU.Build.0 = Debug|Any CPU
		{46FFA2D1-1F38-49DE-8835-E6F3B7C97769}.Release|Any CPU.ActiveCfg = Release|Any CPU
		{46FFA2D1-1F38-49DE-8835-E6F3B7C97769}.Release|Any CPU.Build.0 = Release|Any CPU
	EndGlobalSection
	GlobalSection(SolutionProperties) = preSolution
		HideSolutionNode = FALSE
	EndGlobalSection
	GlobalSection(ExtensibilityGlobals) = postSolution
		SolutionGuid = {2F0C081C-6CC3-4266-B620-7C3108328147}
	EndGlobalSection
EndGlobal
