
Microsoft Visual Studio Solution File, Format Version 12.00
# Visual Studio Version 17
VisualStudioVersion = 17.14.36429.23 d17.14
MinimumVisualStudioVersion = 10.0.40219.1
Project("{FAE04EC0-301F-11D3-BF4B-00C04F79EFBC}") = "Wpf07_PracticaEstilos", "Wpf07_PracticaEstilos.csproj", "{2784A8CE-02F2-4D47-874D-13B20B95D475}"
EndProject
Global
	GlobalSection(SolutionConfigurationPlatforms) = preSolution
		Debug|Any CPU = Debug|Any CPU
		Release|Any CPU = Release|Any CPU
	EndGlobalSection
	GlobalSection(ProjectConfigurationPlatforms) = postSolution
		{2784A8CE-02F2-4D47-874D-13B20B95D475}.Debug|Any CPU.ActiveCfg = Debug|Any CPU
		{2784A8CE-02F2-4D47-874D-13B20B95D475}.Debug|Any CPU.Build.0 = Debug|Any CPU
		{2784A8CE-02F2-4D47-874D-13B20B95D475}.Release|Any CPU.ActiveCfg = Release|Any CPU
		{2784A8CE-02F2-4D47-874D-13B20B95D475}.Release|Any CPU.Build.0 = Release|Any CPU
	EndGlobalSection
	GlobalSection(SolutionProperties) = preSolution
		HideSolutionNode = FALSE
	EndGlobalSection
	GlobalSection(ExtensibilityGlobals) = postSolution
		SolutionGuid = {2F163025-D754-442F-9EEB-91F75530B5A0}
	EndGlobalSection
EndGlobal
