
Microsoft Visual Studio Solution File, Format Version 12.00
# Visual Studio Version 17
VisualStudioVersion = 17.14.36429.23 d17.14
MinimumVisualStudioVersion = 10.0.40219.1
Project("{FAE04EC0-301F-11D3-BF4B-00C04F79EFBC}") = "Wpf04_MiniBiblioteca", "Wpf04_MiniBiblioteca.csproj", "{2D222800-147F-4DE8-9966-794DA0C5F09B}"
EndProject
Global
	GlobalSection(SolutionConfigurationPlatforms) = preSolution
		Debug|Any CPU = Debug|Any CPU
		Release|Any CPU = Release|Any CPU
	EndGlobalSection
	GlobalSection(ProjectConfigurationPlatforms) = postSolution
		{2D222800-147F-4DE8-9966-794DA0C5F09B}.Debug|Any CPU.ActiveCfg = Debug|Any CPU
		{2D222800-147F-4DE8-9966-794DA0C5F09B}.Debug|Any CPU.Build.0 = Debug|Any CPU
		{2D222800-147F-4DE8-9966-794DA0C5F09B}.Release|Any CPU.ActiveCfg = Release|Any CPU
		{2D222800-147F-4DE8-9966-794DA0C5F09B}.Release|Any CPU.Build.0 = Release|Any CPU
	EndGlobalSection
	GlobalSection(SolutionProperties) = preSolution
		HideSolutionNode = FALSE
	EndGlobalSection
	GlobalSection(ExtensibilityGlobals) = postSolution
		SolutionGuid = {56637735-E969-4F31-AAB2-612DCECFB733}
	EndGlobalSection
EndGlobal
