
Microsoft Visual Studio Solution File, Format Version 11.00
# Visual Studio 2010
Project("{F184B08F-C81C-45F6-A57F-5ABD9991F28F}") = "WindowsControlLibrary1", "WindowsControlLibrary1\WindowsControlLibrary1.vbproj", "{BFB60165-5DCA-4791-A83B-DD3D6C563026}"
EndProject
Global
	GlobalSection(SolutionConfigurationPlatforms) = preSolution
		Debug|Any CPU = Debug|Any CPU
		Release|Any CPU = Release|Any CPU
	EndGlobalSection
	GlobalSection(ProjectConfigurationPlatforms) = postSolution
		{BFB60165-5DCA-4791-A83B-DD3D6C563026}.Debug|Any CPU.ActiveCfg = Debug|Any CPU
		{BFB60165-5DCA-4791-A83B-DD3D6C563026}.Debug|Any CPU.Build.0 = Debug|Any CPU
		{BFB60165-5DCA-4791-A83B-DD3D6C563026}.Release|Any CPU.ActiveCfg = Release|Any CPU
		{BFB60165-5DCA-4791-A83B-DD3D6C563026}.Release|Any CPU.Build.0 = Release|Any CPU
	EndGlobalSection
	GlobalSection(SolutionProperties) = preSolution
		HideSolutionNode = FALSE
	EndGlobalSection
EndGlobal
