
Microsoft Visual Studio Solution File, Format Version 12.00
# Visual Studio Version 17
VisualStudioVersion = 17.14.36429.23 d17.14
MinimumVisualStudioVersion = 10.0.40219.1
Project("{F184B08F-C81C-45F6-A57F-5ABD9991F28F}") = "Cls16_AnnadirElementos", "Cls16_AnnadirElementos.vbproj", "{DC9877AD-3B4C-4C05-BD90-5FA4EAAF01FA}"
EndProject
Global
	GlobalSection(SolutionConfigurationPlatforms) = preSolution
		Debug|Any CPU = Debug|Any CPU
		Release|Any CPU = Release|Any CPU
	EndGlobalSection
	GlobalSection(ProjectConfigurationPlatforms) = postSolution
		{DC9877AD-3B4C-4C05-BD90-5FA4EAAF01FA}.Debug|Any CPU.ActiveCfg = Debug|Any CPU
		{DC9877AD-3B4C-4C05-BD90-5FA4EAAF01FA}.Debug|Any CPU.Build.0 = Debug|Any CPU
		{DC9877AD-3B4C-4C05-BD90-5FA4EAAF01FA}.Release|Any CPU.ActiveCfg = Release|Any CPU
		{DC9877AD-3B4C-4C05-BD90-5FA4EAAF01FA}.Release|Any CPU.Build.0 = Release|Any CPU
	EndGlobalSection
	GlobalSection(SolutionProperties) = preSolution
		HideSolutionNode = FALSE
	EndGlobalSection
	GlobalSection(ExtensibilityGlobals) = postSolution
		SolutionGuid = {D8F52064-860F-49AC-BEB6-00557B4A8AEE}
	EndGlobalSection
EndGlobal
