
Microsoft Visual Studio Solution File, Format Version 12.00
# Visual Studio Version 17
VisualStudioVersion = 17.14.36429.23 d17.14
MinimumVisualStudioVersion = 10.0.40219.1
Project("{F184B08F-C81C-45F6-A57F-5ABD9991F28F}") = "Funciones1", "Funciones1.vbproj", "{C54711E1-7B90-4868-BD75-16F68A510BFA}"
EndProject
Global
	GlobalSection(SolutionConfigurationPlatforms) = preSolution
		Debug|Any CPU = Debug|Any CPU
		Release|Any CPU = Release|Any CPU
	EndGlobalSection
	GlobalSection(ProjectConfigurationPlatforms) = postSolution
		{C54711E1-7B90-4868-BD75-16F68A510BFA}.Debug|Any CPU.ActiveCfg = Debug|Any CPU
		{C54711E1-7B90-4868-BD75-16F68A510BFA}.Debug|Any CPU.Build.0 = Debug|Any CPU
		{C54711E1-7B90-4868-BD75-16F68A510BFA}.Release|Any CPU.ActiveCfg = Release|Any CPU
		{C54711E1-7B90-4868-BD75-16F68A510BFA}.Release|Any CPU.Build.0 = Release|Any CPU
	EndGlobalSection
	GlobalSection(SolutionProperties) = preSolution
		HideSolutionNode = FALSE
	EndGlobalSection
	GlobalSection(ExtensibilityGlobals) = postSolution
		SolutionGuid = {4852C17F-63E1-4E1A-97EF-0C919FF34800}
	EndGlobalSection
EndGlobal
