
Microsoft Visual Studio Solution File, Format Version 12.00
# Visual Studio Version 17
VisualStudioVersion = 17.14.36429.23 d17.14
MinimumVisualStudioVersion = 10.0.40219.1
Project("{F184B08F-C81C-45F6-A57F-5ABD9991F28F}") = "ConstructoresYHerencias", "ConstructoresYHerencias.vbproj", "{02354B0F-D266-4A80-A276-C9F67A056135}"
EndProject
Global
	GlobalSection(SolutionConfigurationPlatforms) = preSolution
		Debug|Any CPU = Debug|Any CPU
		Release|Any CPU = Release|Any CPU
	EndGlobalSection
	GlobalSection(ProjectConfigurationPlatforms) = postSolution
		{02354B0F-D266-4A80-A276-C9F67A056135}.Debug|Any CPU.ActiveCfg = Debug|Any CPU
		{02354B0F-D266-4A80-A276-C9F67A056135}.Debug|Any CPU.Build.0 = Debug|Any CPU
		{02354B0F-D266-4A80-A276-C9F67A056135}.Release|Any CPU.ActiveCfg = Release|Any CPU
		{02354B0F-D266-4A80-A276-C9F67A056135}.Release|Any CPU.Build.0 = Release|Any CPU
	EndGlobalSection
	GlobalSection(SolutionProperties) = preSolution
		HideSolutionNode = FALSE
	EndGlobalSection
	GlobalSection(ExtensibilityGlobals) = postSolution
		SolutionGuid = {579671F5-BE45-4550-B062-FDB43F1D033A}
	EndGlobalSection
EndGlobal
