
Microsoft Visual Studio Solution File, Format Version 12.00
Project("{FAE04EC0-301F-11D3-BF4B-00C04F79EFBC}") = "TaskManagerDAM", "TaskManagerDAM\TaskManagerDAM.csproj", "{F359C28F-50E4-4211-AC60-A126E4F17966}"
EndProject
Global
	GlobalSection(SolutionConfigurationPlatforms) = preSolution
		Debug|Any CPU = Debug|Any CPU
		Release|Any CPU = Release|Any CPU
	EndGlobalSection
	GlobalSection(ProjectConfigurationPlatforms) = postSolution
		{F359C28F-50E4-4211-AC60-A126E4F17966}.Debug|Any CPU.ActiveCfg = Debug|Any CPU
		{F359C28F-50E4-4211-AC60-A126E4F17966}.Debug|Any CPU.Build.0 = Debug|Any CPU
		{F359C28F-50E4-4211-AC60-A126E4F17966}.Release|Any CPU.ActiveCfg = Release|Any CPU
		{F359C28F-50E4-4211-AC60-A126E4F17966}.Release|Any CPU.Build.0 = Release|Any CPU
	EndGlobalSection
EndGlobal
